
Microsoft Visual Studio Solution File, Format Version 12.00
# Visual Studio Version 17
VisualStudioVersion = 17.7.34009.444
MinimumVisualStudioVersion = 10.0.40219.1
Project("{FAE04EC0-301F-11D3-BF4B-00C04F79EFBC}") = "PROGPOEP2_ST10083450", "PROGPOEP2_ST10083450\PROGPOEP2_ST10083450.csproj", "{A8B8AFCF-25E6-45D6-BE8A-92D8C2EA97DF}"
EndProject
Global
	GlobalSection(SolutionConfigurationPlatforms) = preSolution
		Debug|Any CPU = Debug|Any CPU
		Release|Any CPU = Release|Any CPU
	EndGlobalSection
	GlobalSection(ProjectConfigurationPlatforms) = postSolution
		{A8B8AFCF-25E6-45D6-BE8A-92D8C2EA97DF}.Debug|Any CPU.ActiveCfg = Debug|Any CPU
		{A8B8AFCF-25E6-45D6-BE8A-92D8C2EA97DF}.Debug|Any CPU.Build.0 = Debug|Any CPU
		{A8B8AFCF-25E6-45D6-BE8A-92D8C2EA97DF}.Release|Any CPU.ActiveCfg = Release|Any CPU
		{A8B8AFCF-25E6-45D6-BE8A-92D8C2EA97DF}.Release|Any CPU.Build.0 = Release|Any CPU
	EndGlobalSection
	GlobalSection(SolutionProperties) = preSolution
		HideSolutionNode = FALSE
	EndGlobalSection
	GlobalSection(ExtensibilityGlobals) = postSolution
		SolutionGuid = {C030F310-8D32-48C2-A5B9-3A0DBBB528D3}
	EndGlobalSection
EndGlobal
